
Microsoft Visual Studio Solution File, Format Version 10.00
# Visual Studio 2008
Project("{FAE04EC0-301F-11D3-BF4B-00C04F79EFBC}") = "ReportsApplication6", "ReportsApplication6\ReportsApplication6.csproj", "{EC45B02D-0FBE-4ADA-AB8F-AB0E16721230}"
EndProject
Global
	GlobalSection(SolutionConfigurationPlatforms) = preSolution
		Debug|Any CPU = Debug|Any CPU
		Release|Any CPU = Release|Any CPU
	EndGlobalSection
	GlobalSection(ProjectConfigurationPlatforms) = postSolution
		{EC45B02D-0FBE-4ADA-AB8F-AB0E16721230}.Debug|Any CPU.ActiveCfg = Debug|Any CPU
		{EC45B02D-0FBE-4ADA-AB8F-AB0E16721230}.Debug|Any CPU.Build.0 = Debug|Any CPU
		{EC45B02D-0FBE-4ADA-AB8F-AB0E16721230}.Release|Any CPU.ActiveCfg = Release|Any CPU
		{EC45B02D-0FBE-4ADA-AB8F-AB0E16721230}.Release|Any CPU.Build.0 = Release|Any CPU
	EndGlobalSection
	GlobalSection(SolutionProperties) = preSolution
		HideSolutionNode = FALSE
	EndGlobalSection
EndGlobal
